
Microsoft Visual Studio Solution File, Format Version 12.00
# Visual Studio Version 17
VisualStudioVersion = 17.0.31912.275
MinimumVisualStudioVersion = 10.0.40219.1
Project("{FAE04EC0-301F-11D3-BF4B-00C04F79EFBC}") = "Derivco_Encrypter", "Derivco_Encrypter\Derivco_Encrypter.csproj", "{DAEB544D-C318-4DDD-B698-D7936D91607F}"
EndProject
Project("{FAE04EC0-301F-11D3-BF4B-00C04F79EFBC}") = "Derivco_Encrypter_Tests", "Derivco_Encrypter_Tests\Derivco_Encrypter_Tests.csproj", "{C4F34326-EC62-4B04-8C4B-33BAB28B99D7}"
EndProject
Project("{FAE04EC0-301F-11D3-BF4B-00C04F79EFBC}") = "HighCard_Game", "HighCard_Game\HighCard_Game.csproj", "{9BB60F3F-E901-4A5C-8365-51F6672838E9}"
EndProject
Project("{FAE04EC0-301F-11D3-BF4B-00C04F79EFBC}") = "HighCard_Game_Console", "HighCard_Game_Console\HighCard_Game_Console.csproj", "{D97D5E51-44DB-43FD-B810-71CAC93813D9}"
EndProject
Global
	GlobalSection(SolutionConfigurationPlatforms) = preSolution
		Debug|Any CPU = Debug|Any CPU
		Release|Any CPU = Release|Any CPU
	EndGlobalSection
	GlobalSection(ProjectConfigurationPlatforms) = postSolution
		{DAEB544D-C318-4DDD-B698-D7936D91607F}.Debug|Any CPU.ActiveCfg = Debug|Any CPU
		{DAEB544D-C318-4DDD-B698-D7936D91607F}.Debug|Any CPU.Build.0 = Debug|Any CPU
		{DAEB544D-C318-4DDD-B698-D7936D91607F}.Release|Any CPU.ActiveCfg = Release|Any CPU
		{DAEB544D-C318-4DDD-B698-D7936D91607F}.Release|Any CPU.Build.0 = Release|Any CPU
		{C4F34326-EC62-4B04-8C4B-33BAB28B99D7}.Debug|Any CPU.ActiveCfg = Debug|Any CPU
		{C4F34326-EC62-4B04-8C4B-33BAB28B99D7}.Debug|Any CPU.Build.0 = Debug|Any CPU
		{C4F34326-EC62-4B04-8C4B-33BAB28B99D7}.Release|Any CPU.ActiveCfg = Release|Any CPU
		{C4F34326-EC62-4B04-8C4B-33BAB28B99D7}.Release|Any CPU.Build.0 = Release|Any CPU
		{9BB60F3F-E901-4A5C-8365-51F6672838E9}.Debug|Any CPU.ActiveCfg = Debug|Any CPU
		{9BB60F3F-E901-4A5C-8365-51F6672838E9}.Debug|Any CPU.Build.0 = Debug|Any CPU
		{9BB60F3F-E901-4A5C-8365-51F6672838E9}.Release|Any CPU.ActiveCfg = Release|Any CPU
		{9BB60F3F-E901-4A5C-8365-51F6672838E9}.Release|Any CPU.Build.0 = Release|Any CPU
		{D97D5E51-44DB-43FD-B810-71CAC93813D9}.Debug|Any CPU.ActiveCfg = Debug|Any CPU
		{D97D5E51-44DB-43FD-B810-71CAC93813D9}.Debug|Any CPU.Build.0 = Debug|Any CPU
		{D97D5E51-44DB-43FD-B810-71CAC93813D9}.Release|Any CPU.ActiveCfg = Release|Any CPU
		{D97D5E51-44DB-43FD-B810-71CAC93813D9}.Release|Any CPU.Build.0 = Release|Any CPU
	EndGlobalSection
	GlobalSection(SolutionProperties) = preSolution
		HideSolutionNode = FALSE
	EndGlobalSection
	GlobalSection(ExtensibilityGlobals) = postSolution
		SolutionGuid = {C9764269-5158-45CB-A77C-A2C5EEFD62D3}
	EndGlobalSection
EndGlobal
